
Microsoft Visual Studio Solution File, Format Version 12.00
# Visual Studio 2012
Project("{FAE04EC0-301F-11D3-BF4B-00C04F79EFBC}") = "WindowsFormsApplication1_1", "WindowsFormsApplication1_1\WindowsFormsApplication1_1.csproj", "{3F8F2DD7-4692-48DF-A5F5-266FF39209AD}"
EndProject
Global
	GlobalSection(SolutionConfigurationPlatforms) = preSolution
		Debug|Any CPU = Debug|Any CPU
		Release|Any CPU = Release|Any CPU
	EndGlobalSection
	GlobalSection(ProjectConfigurationPlatforms) = postSolution
		{3F8F2DD7-4692-48DF-A5F5-266FF39209AD}.Debug|Any CPU.ActiveCfg = Debug|Any CPU
		{3F8F2DD7-4692-48DF-A5F5-266FF39209AD}.Debug|Any CPU.Build.0 = Debug|Any CPU
		{3F8F2DD7-4692-48DF-A5F5-266FF39209AD}.Release|Any CPU.ActiveCfg = Release|Any CPU
		{3F8F2DD7-4692-48DF-A5F5-266FF39209AD}.Release|Any CPU.Build.0 = Release|Any CPU
	EndGlobalSection
	GlobalSection(SolutionProperties) = preSolution
		HideSolutionNode = FALSE
	EndGlobalSection
EndGlobal
